
Microsoft Visual Studio Solution File, Format Version 12.00
# Visual Studio 15
VisualStudioVersion = 15.0.28307.852
MinimumVisualStudioVersion = 10.0.40219.1
Project("{9A19103F-16F7-4668-BE54-9A1E7A4F7556}") = "Sample", "Sample\Sample.csproj", "{4DE5B8C9-DC32-4150-A269-E3F013936694}"
EndProject
Project("{9A19103F-16F7-4668-BE54-9A1E7A4F7556}") = "Permutations", "Permutations\Permutations.csproj", "{3B169F3A-13D2-452F-9456-649235E905A8}"
EndProject
Project("{9A19103F-16F7-4668-BE54-9A1E7A4F7556}") = "UnitTests", "UnitTests\UnitTests.csproj", "{E97FF9BD-D7F5-42B4-9BC7-65EE17FCF7C3}"
EndProject
Global
	GlobalSection(SolutionConfigurationPlatforms) = preSolution
		Debug|Any CPU = Debug|Any CPU
		Debug|x64 = Debug|x64
		Release|Any CPU = Release|Any CPU
		Release|x64 = Release|x64
	EndGlobalSection
	GlobalSection(ProjectConfigurationPlatforms) = postSolution
		{4DE5B8C9-DC32-4150-A269-E3F013936694}.Debug|Any CPU.ActiveCfg = Debug|Any CPU
		{4DE5B8C9-DC32-4150-A269-E3F013936694}.Debug|Any CPU.Build.0 = Debug|Any CPU
		{4DE5B8C9-DC32-4150-A269-E3F013936694}.Debug|x64.ActiveCfg = Debug|Any CPU
		{4DE5B8C9-DC32-4150-A269-E3F013936694}.Debug|x64.Build.0 = Debug|Any CPU
		{4DE5B8C9-DC32-4150-A269-E3F013936694}.Release|Any CPU.ActiveCfg = Debug|Any CPU
		{4DE5B8C9-DC32-4150-A269-E3F013936694}.Release|Any CPU.Build.0 = Debug|Any CPU
		{4DE5B8C9-DC32-4150-A269-E3F013936694}.Release|x64.ActiveCfg = Release|x64
		{4DE5B8C9-DC32-4150-A269-E3F013936694}.Release|x64.Build.0 = Release|x64
		{3B169F3A-13D2-452F-9456-649235E905A8}.Debug|Any CPU.ActiveCfg = Debug|Any CPU
		{3B169F3A-13D2-452F-9456-649235E905A8}.Debug|Any CPU.Build.0 = Debug|Any CPU
		{3B169F3A-13D2-452F-9456-649235E905A8}.Debug|x64.ActiveCfg = Debug|Any CPU
		{3B169F3A-13D2-452F-9456-649235E905A8}.Debug|x64.Build.0 = Debug|Any CPU
		{3B169F3A-13D2-452F-9456-649235E905A8}.Release|Any CPU.ActiveCfg = Debug|Any CPU
		{3B169F3A-13D2-452F-9456-649235E905A8}.Release|Any CPU.Build.0 = Debug|Any CPU
		{3B169F3A-13D2-452F-9456-649235E905A8}.Release|x64.ActiveCfg = Release|x64
		{3B169F3A-13D2-452F-9456-649235E905A8}.Release|x64.Build.0 = Release|x64
		{E97FF9BD-D7F5-42B4-9BC7-65EE17FCF7C3}.Debug|Any CPU.ActiveCfg = Debug|Any CPU
		{E97FF9BD-D7F5-42B4-9BC7-65EE17FCF7C3}.Debug|Any CPU.Build.0 = Debug|Any CPU
		{E97FF9BD-D7F5-42B4-9BC7-65EE17FCF7C3}.Debug|x64.ActiveCfg = Debug|Any CPU
		{E97FF9BD-D7F5-42B4-9BC7-65EE17FCF7C3}.Debug|x64.Build.0 = Debug|Any CPU
		{E97FF9BD-D7F5-42B4-9BC7-65EE17FCF7C3}.Release|Any CPU.ActiveCfg = Debug|Any CPU
		{E97FF9BD-D7F5-42B4-9BC7-65EE17FCF7C3}.Release|Any CPU.Build.0 = Debug|Any CPU
		{E97FF9BD-D7F5-42B4-9BC7-65EE17FCF7C3}.Release|x64.ActiveCfg = Release|x64
		{E97FF9BD-D7F5-42B4-9BC7-65EE17FCF7C3}.Release|x64.Build.0 = Release|x64
	EndGlobalSection
	GlobalSection(SolutionProperties) = preSolution
		HideSolutionNode = FALSE
	EndGlobalSection
	GlobalSection(ExtensibilityGlobals) = postSolution
		SolutionGuid = {9FB16ED1-9DD5-44EB-9ED7-7E089201D3E4}
	EndGlobalSection
EndGlobal
